// !$*UTF8*$!
{
	archiveVersion = 1;
	classes = {
	};
	objectVersion = 56;
	objects = {

/* Begin PBXBuildFile section */
		371FD35F2B22FFE100A073C1 /* RecurringBookingApp.swift in Sources */ = {isa = PBXBuildFile; fileRef = 371FD35E2B22FFE100A073C1 /* RecurringBookingApp.swift */; };
		371FD3612B22FFE100A073C1 /* ContentView.swift in Sources */ = {isa = PBXBuildFile; fileRef = 371FD3602B22FFE100A073C1 /* ContentView.swift */; };
		371FD3632B22FFE300A073C1 /* Assets.xcassets in Resources */ = {isa = PBXBuildFile; fileRef = 371FD3622B22FFE300A073C1 /* Assets.xcassets */; };
		371FD3662B22FFE300A073C1 /* Preview Assets.xcassets in Resources */ = {isa = PBXBuildFile; fileRef = 371FD3652B22FFE300A073C1 /* Preview Assets.xcassets */; };
		371FD3702B242D0F00A073C1 /* RadioButtonView.swift in Sources */ = {isa = PBXBuildFile; fileRef = 371FD36F2B242D0F00A073C1 /* RadioButtonView.swift */; };
		371FD3722B24690200A073C1 /* ChildrenlistModel.swift in Sources */ = {isa = PBXBuildFile; fileRef = 371FD3712B24690200A073C1 /* ChildrenlistModel.swift */; };
		371FD3742B247D1000A073C1 /* ChooseRoomView.swift in Sources */ = {isa = PBXBuildFile; fileRef = 371FD3732B247D1000A073C1 /* ChooseRoomView.swift */; };
		371FD3762B2481B200A073C1 /* Choosechildren.swift in Sources */ = {isa = PBXBuildFile; fileRef = 371FD3752B2481B200A073C1 /* Choosechildren.swift */; };
		371FD37A2B2631EA00A073C1 /* ReviewbookingView.swift in Sources */ = {isa = PBXBuildFile; fileRef = 371FD3792B2631EA00A073C1 /* ReviewbookingView.swift */; };
		371FD3802B26B7D100A073C1 /* HttpUtility.swift in Sources */ = {isa = PBXBuildFile; fileRef = 371FD37F2B26B7D100A073C1 /* HttpUtility.swift */; };
		371FD3832B26B83F00A073C1 /* ChildrenlistViewModel.swift in Sources */ = {isa = PBXBuildFile; fileRef = 371FD3822B26B83F00A073C1 /* ChildrenlistViewModel.swift */; };
		371FD3852B26BCE800A073C1 /* ChildrenListResource.swift in Sources */ = {isa = PBXBuildFile; fileRef = 371FD3842B26BCE800A073C1 /* ChildrenListResource.swift */; };
		371FD3882B270F5F00A073C1 /* RoomListViewModel.swift in Sources */ = {isa = PBXBuildFile; fileRef = 371FD3872B270F5F00A073C1 /* RoomListViewModel.swift */; };
		371FD38A2B27112500A073C1 /* RoomListResource.swift in Sources */ = {isa = PBXBuildFile; fileRef = 371FD3892B27112500A073C1 /* RoomListResource.swift */; };
		371FD38C2B27157600A073C1 /* APIUtility.swift in Sources */ = {isa = PBXBuildFile; fileRef = 371FD38B2B27157600A073C1 /* APIUtility.swift */; };
		371FD38E2B27162300A073C1 /* RoomListmodel.swift in Sources */ = {isa = PBXBuildFile; fileRef = 371FD38D2B27162300A073C1 /* RoomListmodel.swift */; };
		378812362B2822370018FD9D /* Utilityextension.swift in Sources */ = {isa = PBXBuildFile; fileRef = 378812352B2822370018FD9D /* Utilityextension.swift */; };
/* End PBXBuildFile section */

/* Begin PBXFileReference section */
		371FD35B2B22FFE100A073C1 /* RecurringBooking.app */ = {isa = PBXFileReference; explicitFileType = wrapper.application; includeInIndex = 0; path = RecurringBooking.app; sourceTree = BUILT_PRODUCTS_DIR; };
		371FD35E2B22FFE100A073C1 /* RecurringBookingApp.swift */ = {isa = PBXFileReference; lastKnownFileType = sourcecode.swift; path = RecurringBookingApp.swift; sourceTree = "<group>"; };
		371FD3602B22FFE100A073C1 /* ContentView.swift */ = {isa = PBXFileReference; lastKnownFileType = sourcecode.swift; path = ContentView.swift; sourceTree = "<group>"; };
		371FD3622B22FFE300A073C1 /* Assets.xcassets */ = {isa = PBXFileReference; lastKnownFileType = folder.assetcatalog; path = Assets.xcassets; sourceTree = "<group>"; };
		371FD3652B22FFE300A073C1 /* Preview Assets.xcassets */ = {isa = PBXFileReference; lastKnownFileType = folder.assetcatalog; path = "Preview Assets.xcassets"; sourceTree = "<group>"; };
		371FD36F2B242D0F00A073C1 /* RadioButtonView.swift */ = {isa = PBXFileReference; lastKnownFileType = sourcecode.swift; path = RadioButtonView.swift; sourceTree = "<group>"; };
		371FD3712B24690200A073C1 /* ChildrenlistModel.swift */ = {isa = PBXFileReference; lastKnownFileType = sourcecode.swift; path = ChildrenlistModel.swift; sourceTree = "<group>"; };
		371FD3732B247D1000A073C1 /* ChooseRoomView.swift */ = {isa = PBXFileReference; lastKnownFileType = sourcecode.swift; path = ChooseRoomView.swift; sourceTree = "<group>"; };
		371FD3752B2481B200A073C1 /* Choosechildren.swift */ = {isa = PBXFileReference; lastKnownFileType = sourcecode.swift; path = Choosechildren.swift; sourceTree = "<group>"; };
		371FD3792B2631EA00A073C1 /* ReviewbookingView.swift */ = {isa = PBXFileReference; lastKnownFileType = sourcecode.swift; path = ReviewbookingView.swift; sourceTree = "<group>"; };
		371FD37F2B26B7D100A073C1 /* HttpUtility.swift */ = {isa = PBXFileReference; lastKnownFileType = sourcecode.swift; path = HttpUtility.swift; sourceTree = "<group>"; };
		371FD3822B26B83F00A073C1 /* ChildrenlistViewModel.swift */ = {isa = PBXFileReference; lastKnownFileType = sourcecode.swift; path = ChildrenlistViewModel.swift; sourceTree = "<group>"; };
		371FD3842B26BCE800A073C1 /* ChildrenListResource.swift */ = {isa = PBXFileReference; lastKnownFileType = sourcecode.swift; path = ChildrenListResource.swift; sourceTree = "<group>"; };
		371FD3872B270F5F00A073C1 /* RoomListViewModel.swift */ = {isa = PBXFileReference; lastKnownFileType = sourcecode.swift; path = RoomListViewModel.swift; sourceTree = "<group>"; };
		371FD3892B27112500A073C1 /* RoomListResource.swift */ = {isa = PBXFileReference; lastKnownFileType = sourcecode.swift; path = RoomListResource.swift; sourceTree = "<group>"; };
		371FD38B2B27157600A073C1 /* APIUtility.swift */ = {isa = PBXFileReference; lastKnownFileType = sourcecode.swift; path = APIUtility.swift; sourceTree = "<group>"; };
		371FD38D2B27162300A073C1 /* RoomListmodel.swift */ = {isa = PBXFileReference; lastKnownFileType = sourcecode.swift; path = RoomListmodel.swift; sourceTree = "<group>"; };
		378812352B2822370018FD9D /* Utilityextension.swift */ = {isa = PBXFileReference; lastKnownFileType = sourcecode.swift; path = Utilityextension.swift; sourceTree = "<group>"; };
/* End PBXFileReference section */

/* Begin PBXFrameworksBuildPhase section */
		371FD3582B22FFE100A073C1 /* Frameworks */ = {
			isa = PBXFrameworksBuildPhase;
			buildActionMask = 2147483647;
			files = (
			);
			runOnlyForDeploymentPostprocessing = 0;
		};
/* End PBXFrameworksBuildPhase section */

/* Begin PBXGroup section */
		371FD3522B22FFE100A073C1 = {
			isa = PBXGroup;
			children = (
				371FD35D2B22FFE100A073C1 /* RecurringBooking */,
				371FD35C2B22FFE100A073C1 /* Products */,
			);
			sourceTree = "<group>";
		};
		371FD35C2B22FFE100A073C1 /* Products */ = {
			isa = PBXGroup;
			children = (
				371FD35B2B22FFE100A073C1 /* RecurringBooking.app */,
			);
			name = Products;
			sourceTree = "<group>";
		};
		371FD35D2B22FFE100A073C1 /* RecurringBooking */ = {
			isa = PBXGroup;
			children = (
				371FD3862B26BCF300A073C1 /* Resource */,
				371FD3812B26B81900A073C1 /* Viewmodel */,
				371FD37B2B26B51600A073C1 /* APIManager */,
				371FD36E2B242C9E00A073C1 /* View */,
				371FD36C2B24244D00A073C1 /* Model */,
				371FD3602B22FFE100A073C1 /* ContentView.swift */,
				371FD35E2B22FFE100A073C1 /* RecurringBookingApp.swift */,
				371FD3622B22FFE300A073C1 /* Assets.xcassets */,
				371FD3642B22FFE300A073C1 /* Preview Content */,
			);
			path = RecurringBooking;
			sourceTree = "<group>";
		};
		371FD3642B22FFE300A073C1 /* Preview Content */ = {
			isa = PBXGroup;
			children = (
				371FD3652B22FFE300A073C1 /* Preview Assets.xcassets */,
			);
			path = "Preview Content";
			sourceTree = "<group>";
		};
		371FD36C2B24244D00A073C1 /* Model */ = {
			isa = PBXGroup;
			children = (
				371FD3712B24690200A073C1 /* ChildrenlistModel.swift */,
				371FD38D2B27162300A073C1 /* RoomListmodel.swift */,
			);
			path = Model;
			sourceTree = "<group>";
		};
		371FD36E2B242C9E00A073C1 /* View */ = {
			isa = PBXGroup;
			children = (
				371FD36F2B242D0F00A073C1 /* RadioButtonView.swift */,
				371FD3732B247D1000A073C1 /* ChooseRoomView.swift */,
				371FD3752B2481B200A073C1 /* Choosechildren.swift */,
				371FD3792B2631EA00A073C1 /* ReviewbookingView.swift */,
			);
			path = View;
			sourceTree = "<group>";
		};
		371FD37B2B26B51600A073C1 /* APIManager */ = {
			isa = PBXGroup;
			children = (
				371FD37F2B26B7D100A073C1 /* HttpUtility.swift */,
				371FD38B2B27157600A073C1 /* APIUtility.swift */,
				378812352B2822370018FD9D /* Utilityextension.swift */,
			);
			path = APIManager;
			sourceTree = "<group>";
		};
		371FD3812B26B81900A073C1 /* Viewmodel */ = {
			isa = PBXGroup;
			children = (
				371FD3822B26B83F00A073C1 /* ChildrenlistViewModel.swift */,
				371FD3872B270F5F00A073C1 /* RoomListViewModel.swift */,
			);
			path = Viewmodel;
			sourceTree = "<group>";
		};
		371FD3862B26BCF300A073C1 /* Resource */ = {
			isa = PBXGroup;
			children = (
				371FD3842B26BCE800A073C1 /* ChildrenListResource.swift */,
				371FD3892B27112500A073C1 /* RoomListResource.swift */,
			);
			path = Resource;
			sourceTree = "<group>";
		};
/* End PBXGroup section */

/* Begin PBXNativeTarget section */
		371FD35A2B22FFE100A073C1 /* RecurringBooking */ = {
			isa = PBXNativeTarget;
			buildConfigurationList = 371FD3692B22FFE300A073C1 /* Build configuration list for PBXNativeTarget "RecurringBooking" */;
			buildPhases = (
				371FD3572B22FFE100A073C1 /* Sources */,
				371FD3582B22FFE100A073C1 /* Frameworks */,
				371FD3592B22FFE100A073C1 /* Resources */,
			);
			buildRules = (
			);
			dependencies = (
			);
			name = RecurringBooking;
			productName = RecurringBooking;
			productReference = 371FD35B2B22FFE100A073C1 /* RecurringBooking.app */;
			productType = "com.apple.product-type.application";
		};
/* End PBXNativeTarget section */

/* Begin PBXProject section */
		371FD3532B22FFE100A073C1 /* Project object */ = {
			isa = PBXProject;
			attributes = {
				BuildIndependentTargetsInParallel = 1;
				LastSwiftUpdateCheck = 1500;
				LastUpgradeCheck = 1500;
				TargetAttributes = {
					371FD35A2B22FFE100A073C1 = {
						CreatedOnToolsVersion = 15.0.1;
					};
				};
			};
			buildConfigurationList = 371FD3562B22FFE100A073C1 /* Build configuration list for PBXProject "RecurringBooking" */;
			compatibilityVersion = "Xcode 14.0";
			developmentRegion = en;
			hasScannedForEncodings = 0;
			knownRegions = (
				en,
				Base,
			);
			mainGroup = 371FD3522B22FFE100A073C1;
			productRefGroup = 371FD35C2B22FFE100A073C1 /* Products */;
			projectDirPath = "";
			projectRoot = "";
			targets = (
				371FD35A2B22FFE100A073C1 /* RecurringBooking */,
			);
		};
/* End PBXProject section */

/* Begin PBXResourcesBuildPhase section */
		371FD3592B22FFE100A073C1 /* Resources */ = {
			isa = PBXResourcesBuildPhase;
			buildActionMask = 2147483647;
			files = (
				371FD3662B22FFE300A073C1 /* Preview Assets.xcassets in Resources */,
				371FD3632B22FFE300A073C1 /* Assets.xcassets in Resources */,
			);
			runOnlyForDeploymentPostprocessing = 0;
		};
/* End PBXResourcesBuildPhase section */

/* Begin PBXSourcesBuildPhase section */
		371FD3572B22FFE100A073C1 /* Sources */ = {
			isa = PBXSourcesBuildPhase;
			buildActionMask = 2147483647;
			files = (
				371FD3882B270F5F00A073C1 /* RoomListViewModel.swift in Sources */,
				371FD3802B26B7D100A073C1 /* HttpUtility.swift in Sources */,
				371FD38E2B27162300A073C1 /* RoomListmodel.swift in Sources */,
				371FD37A2B2631EA00A073C1 /* ReviewbookingView.swift in Sources */,
				371FD3742B247D1000A073C1 /* ChooseRoomView.swift in Sources */,
				378812362B2822370018FD9D /* Utilityextension.swift in Sources */,
				371FD3702B242D0F00A073C1 /* RadioButtonView.swift in Sources */,
				371FD3612B22FFE100A073C1 /* ContentView.swift in Sources */,
				371FD3832B26B83F00A073C1 /* ChildrenlistViewModel.swift in Sources */,
				371FD3722B24690200A073C1 /* ChildrenlistModel.swift in Sources */,
				371FD35F2B22FFE100A073C1 /* RecurringBookingApp.swift in Sources */,
				371FD3852B26BCE800A073C1 /* ChildrenListResource.swift in Sources */,
				371FD38C2B27157600A073C1 /* APIUtility.swift in Sources */,
				371FD38A2B27112500A073C1 /* RoomListResource.swift in Sources */,
				371FD3762B2481B200A073C1 /* Choosechildren.swift in Sources */,
			);
			runOnlyForDeploymentPostprocessing = 0;
		};
/* End PBXSourcesBuildPhase section */

/* Begin XCBuildConfiguration section */
		371FD3672B22FFE300A073C1 /* Debug */ = {
			isa = XCBuildConfiguration;
			buildSettings = {
				ALWAYS_SEARCH_USER_PATHS = NO;
				ASSETCATALOG_COMPILER_GENERATE_SWIFT_ASSET_SYMBOL_EXTENSIONS = YES;
				CLANG_ANALYZER_NONNULL = YES;
				CLANG_ANALYZER_NUMBER_OBJECT_CONVERSION = YES_AGGRESSIVE;
				CLANG_CXX_LANGUAGE_STANDARD = "gnu++20";
				CLANG_ENABLE_MODULES = YES;
				CLANG_ENABLE_OBJC_ARC = YES;
				CLANG_ENABLE_OBJC_WEAK = YES;
				CLANG_WARN_BLOCK_CAPTURE_AUTORELEASING = YES;
				CLANG_WARN_BOOL_CONVERSION = YES;
				CLANG_WARN_COMMA = YES;
				CLANG_WARN_CONSTANT_CONVERSION = YES;
				CLANG_WARN_DEPRECATED_OBJC_IMPLEMENTATIONS = YES;
				CLANG_WARN_DIRECT_OBJC_ISA_USAGE = YES_ERROR;
				CLANG_WARN_DOCUMENTATION_COMMENTS = YES;
				CLANG_WARN_EMPTY_BODY = YES;
				CLANG_WARN_ENUM_CONVERSION = YES;
				CLANG_WARN_INFINITE_RECURSION = YES;
				CLANG_WARN_INT_CONVERSION = YES;
				CLANG_WARN_NON_LITERAL_NULL_CONVERSION = YES;
				CLANG_WARN_OBJC_IMPLICIT_RETAIN_SELF = YES;
				CLANG_WARN_OBJC_LITERAL_CONVERSION = YES;
				CLANG_WARN_OBJC_ROOT_CLASS = YES_ERROR;
				CLANG_WARN_QUOTED_INCLUDE_IN_FRAMEWORK_HEADER = YES;
				CLANG_WARN_RANGE_LOOP_ANALYSIS = YES;
				CLANG_WARN_STRICT_PROTOTYPES = YES;
				CLANG_WARN_SUSPICIOUS_MOVE = YES;
				CLANG_WARN_UNGUARDED_AVAILABILITY = YES_AGGRESSIVE;
				CLANG_WARN_UNREACHABLE_CODE = YES;
				CLANG_WARN__DUPLICATE_METHOD_MATCH = YES;
				COPY_PHASE_STRIP = NO;
				DEBUG_INFORMATION_FORMAT = dwarf;
				ENABLE_STRICT_OBJC_MSGSEND = YES;
				ENABLE_TESTABILITY = YES;
				ENABLE_USER_SCRIPT_SANDBOXING = YES;
				GCC_C_LANGUAGE_STANDARD = gnu17;
				GCC_DYNAMIC_NO_PIC = NO;
				GCC_NO_COMMON_BLOCKS = YES;
				GCC_OPTIMIZATION_LEVEL = 0;
				GCC_PREPROCESSOR_DEFINITIONS = (
					"DEBUG=1",
					"$(inherited)",
				);
				GCC_WARN_64_TO_32_BIT_CONVERSION = YES;
				GCC_WARN_ABOUT_RETURN_TYPE = YES_ERROR;
				GCC_WARN_UNDECLARED_SELECTOR = YES;
				GCC_WARN_UNINITIALIZED_AUTOS = YES_AGGRESSIVE;
				GCC_WARN_UNUSED_FUNCTION = YES;
				GCC_WARN_UNUSED_VARIABLE = YES;
				IPHONEOS_DEPLOYMENT_TARGET = 17.0;
				LOCALIZATION_PREFERS_STRING_CATALOGS = YES;
				MTL_ENABLE_DEBUG_INFO = INCLUDE_SOURCE;
				MTL_FAST_MATH = YES;
				ONLY_ACTIVE_ARCH = YES;
				SDKROOT = iphoneos;
				SWIFT_ACTIVE_COMPILATION_CONDITIONS = "DEBUG $(inherited)";
				SWIFT_OPTIMIZATION_LEVEL = "-Onone";
			};
			name = Debug;
		};
		371FD3682B22FFE300A073C1 /* Release */ = {
			isa = XCBuildConfiguration;
			buildSettings = {
				ALWAYS_SEARCH_USER_PATHS = NO;
				ASSETCATALOG_COMPILER_GENERATE_SWIFT_ASSET_SYMBOL_EXTENSIONS = YES;
				CLANG_ANALYZER_NONNULL = YES;
				CLANG_ANALYZER_NUMBER_OBJECT_CONVERSION = YES_AGGRESSIVE;
				CLANG_CXX_LANGUAGE_STANDARD = "gnu++20";
				CLANG_ENABLE_MODULES = YES;
				CLANG_ENABLE_OBJC_ARC = YES;
				CLANG_ENABLE_OBJC_WEAK = YES;
				CLANG_WARN_BLOCK_CAPTURE_AUTORELEASING = YES;
				CLANG_WARN_BOOL_CONVERSION = YES;
				CLANG_WARN_COMMA = YES;
				CLANG_WARN_CONSTANT_CONVERSION = YES;
				CLANG_WARN_DEPRECATED_OBJC_IMPLEMENTATIONS = YES;
				CLANG_WARN_DIRECT_OBJC_ISA_USAGE = YES_ERROR;
				CLANG_WARN_DOCUMENTATION_COMMENTS = YES;
				CLANG_WARN_EMPTY_BODY = YES;
				CLANG_WARN_ENUM_CONVERSION = YES;
				CLANG_WARN_INFINITE_RECURSION = YES;
				CLANG_WARN_INT_CONVERSION = YES;
				CLANG_WARN_NON_LITERAL_NULL_CONVERSION = YES;
				CLANG_WARN_OBJC_IMPLICIT_RETAIN_SELF = YES;
				CLANG_WARN_OBJC_LITERAL_CONVERSION = YES;
				CLANG_WARN_OBJC_ROOT_CLASS = YES_ERROR;
				CLANG_WARN_QUOTED_INCLUDE_IN_FRAMEWORK_HEADER = YES;
				CLANG_WARN_RANGE_LOOP_ANALYSIS = YES;
				CLANG_WARN_STRICT_PROTOTYPES = YES;
				CLANG_WARN_SUSPICIOUS_MOVE = YES;
				CLANG_WARN_UNGUARDED_AVAILABILITY = YES_AGGRESSIVE;
				CLANG_WARN_UNREACHABLE_CODE = YES;
				CLANG_WARN__DUPLICATE_METHOD_MATCH = YES;
				COPY_PHASE_STRIP = NO;
				DEBUG_INFORMATION_FORMAT = "dwarf-with-dsym";
				ENABLE_NS_ASSERTIONS = NO;
				ENABLE_STRICT_OBJC_MSGSEND = YES;
				ENABLE_USER_SCRIPT_SANDBOXING = YES;
				GCC_C_LANGUAGE_STANDARD = gnu17;
				GCC_NO_COMMON_BLOCKS = YES;
				GCC_WARN_64_TO_32_BIT_CONVERSION = YES;
				GCC_WARN_ABOUT_RETURN_TYPE = YES_ERROR;
				GCC_WARN_UNDECLARED_SELECTOR = YES;
				GCC_WARN_UNINITIALIZED_AUTOS = YES_AGGRESSIVE;
				GCC_WARN_UNUSED_FUNCTION = YES;
				GCC_WARN_UNUSED_VARIABLE = YES;
				IPHONEOS_DEPLOYMENT_TARGET = 17.0;
				LOCALIZATION_PREFERS_STRING_CATALOGS = YES;
				MTL_ENABLE_DEBUG_INFO = NO;
				MTL_FAST_MATH = YES;
				SDKROOT = iphoneos;
				SWIFT_COMPILATION_MODE = wholemodule;
				VALIDATE_PRODUCT = YES;
			};
			name = Release;
		};
		371FD36A2B22FFE300A073C1 /* Debug */ = {
			isa = XCBuildConfiguration;
			buildSettings = {
				ASSETCATALOG_COMPILER_APPICON_NAME = AppIcon;
				ASSETCATALOG_COMPILER_GLOBAL_ACCENT_COLOR_NAME = AccentColor;
				CODE_SIGN_STYLE = Automatic;
				CURRENT_PROJECT_VERSION = 1;
				DEVELOPMENT_ASSET_PATHS = "\"RecurringBooking/Preview Content\"";
				DEVELOPMENT_TEAM = 3P7KVHRP89;
				ENABLE_PREVIEWS = YES;
				GENERATE_INFOPLIST_FILE = YES;
				INFOPLIST_KEY_UIApplicationSceneManifest_Generation = YES;
				INFOPLIST_KEY_UIApplicationSupportsIndirectInputEvents = YES;
				INFOPLIST_KEY_UILaunchScreen_Generation = YES;
				INFOPLIST_KEY_UISupportedInterfaceOrientations_iPad = "UIInterfaceOrientationPortrait UIInterfaceOrientationPortraitUpsideDown UIInterfaceOrientationLandscapeLeft UIInterfaceOrientationLandscapeRight";
				INFOPLIST_KEY_UISupportedInterfaceOrientations_iPhone = "UIInterfaceOrientationPortrait UIInterfaceOrientationLandscapeLeft UIInterfaceOrientationLandscapeRight";
				LD_RUNPATH_SEARCH_PATHS = (
					"$(inherited)",
					"@executable_path/Frameworks",
				);
				MARKETING_VERSION = 1.0;
				PRODUCT_BUNDLE_IDENTIFIER = com.recurringbookingapp.RecurringBooking;
				PRODUCT_NAME = "$(TARGET_NAME)";
				SWIFT_EMIT_LOC_STRINGS = YES;
				SWIFT_VERSION = 5.0;
				TARGETED_DEVICE_FAMILY = "1,2";
			};
			name = Debug;
		};
		371FD36B2B22FFE300A073C1 /* Release */ = {
			isa = XCBuildConfiguration;
			buildSettings = {
				ASSETCATALOG_COMPILER_APPICON_NAME = AppIcon;
				ASSETCATALOG_COMPILER_GLOBAL_ACCENT_COLOR_NAME = AccentColor;
				CODE_SIGN_STYLE = Automatic;
				CURRENT_PROJECT_VERSION = 1;
				DEVELOPMENT_ASSET_PATHS = "\"RecurringBooking/Preview Content\"";
				DEVELOPMENT_TEAM = 3P7KVHRP89;
				ENABLE_PREVIEWS = YES;
				GENERATE_INFOPLIST_FILE = YES;
				INFOPLIST_KEY_UIApplicationSceneManifest_Generation = YES;
				INFOPLIST_KEY_UIApplicationSupportsIndirectInputEvents = YES;
				INFOPLIST_KEY_UILaunchScreen_Generation = YES;
				INFOPLIST_KEY_UISupportedInterfaceOrientations_iPad = "UIInterfaceOrientationPortrait UIInterfaceOrientationPortraitUpsideDown UIInterfaceOrientationLandscapeLeft UIInterfaceOrientationLandscapeRight";
				INFOPLIST_KEY_UISupportedInterfaceOrientations_iPhone = "UIInterfaceOrientationPortrait UIInterfaceOrientationLandscapeLeft UIInterfaceOrientationLandscapeRight";
				LD_RUNPATH_SEARCH_PATHS = (
					"$(inherited)",
					"@executable_path/Frameworks",
				);
				MARKETING_VERSION = 1.0;
				PRODUCT_BUNDLE_IDENTIFIER = com.recurringbookingapp.RecurringBooking;
				PRODUCT_NAME = "$(TARGET_NAME)";
				SWIFT_EMIT_LOC_STRINGS = YES;
				SWIFT_VERSION = 5.0;
				TARGETED_DEVICE_FAMILY = "1,2";
			};
			name = Release;
		};
/* End XCBuildConfiguration section */

/* Begin XCConfigurationList section */
		371FD3562B22FFE100A073C1 /* Build configuration list for PBXProject "RecurringBooking" */ = {
			isa = XCConfigurationList;
			buildConfigurations = (
				371FD3672B22FFE300A073C1 /* Debug */,
				371FD3682B22FFE300A073C1 /* Release */,
			);
			defaultConfigurationIsVisible = 0;
			defaultConfigurationName = Release;
		};
		371FD3692B22FFE300A073C1 /* Build configuration list for PBXNativeTarget "RecurringBooking" */ = {
			isa = XCConfigurationList;
			buildConfigurations = (
				371FD36A2B22FFE300A073C1 /* Debug */,
				371FD36B2B22FFE300A073C1 /* Release */,
			);
			defaultConfigurationIsVisible = 0;
			defaultConfigurationName = Release;
		};
/* End XCConfigurationList section */
	};
	rootObject = 371FD3532B22FFE100A073C1 /* Project object */;
}
